
Microsoft Visual Studio Solution File, Format Version 12.00
# Visual Studio Version 17
VisualStudioVersion = 17.6.33815.320
MinimumVisualStudioVersion = 10.0.40219.1
Project("{FAE04EC0-301F-11D3-BF4B-00C04F79EFBC}") = "BasicCSharpAssignment", "BasicCSharpAssignment\BasicCSharpAssignment.csproj", "{01595D91-53E5-4DA2-BC01-5C8A7C42067B}"
EndProject
Global
	GlobalSection(SolutionConfigurationPlatforms) = preSolution
		Debug|Any CPU = Debug|Any CPU
		Release|Any CPU = Release|Any CPU
	EndGlobalSection
	GlobalSection(ProjectConfigurationPlatforms) = postSolution
		{01595D91-53E5-4DA2-BC01-5C8A7C42067B}.Debug|Any CPU.ActiveCfg = Debug|Any CPU
		{01595D91-53E5-4DA2-BC01-5C8A7C42067B}.Debug|Any CPU.Build.0 = Debug|Any CPU
		{01595D91-53E5-4DA2-BC01-5C8A7C42067B}.Release|Any CPU.ActiveCfg = Release|Any CPU
		{01595D91-53E5-4DA2-BC01-5C8A7C42067B}.Release|Any CPU.Build.0 = Release|Any CPU
	EndGlobalSection
	GlobalSection(SolutionProperties) = preSolution
		HideSolutionNode = FALSE
	EndGlobalSection
	GlobalSection(ExtensibilityGlobals) = postSolution
		SolutionGuid = {F474D769-B7F8-459B-8DB4-26D1D4C04C8B}
	EndGlobalSection
EndGlobal
